{
  "name": "app",
  "version": "1.0.0",
  "lockfileVersion": 2,
  "requires": true,
  "packages": {
    "": {
      "version": "1.0.0",
      "license": "ISC",
      "dependencies": {
        "@erickwendel/abacate": "^1.0.0"
      }
    },
    "node_modules/@erickwendel/abacate": {
      "version": "1.0.0",
      "resolved": "http://localhost:4873/@erickwendel/abacate/-/abacate-1.0.0.tgz",
      "integrity": "sha512-kzZ+7FRywc6/5500yWIVlpdaP2GiGVlTkJgEGJaXpsafKlK9YwmfUvNh7wH0LUAiw05rJBQJdiGukwyqmzqJqQ==",
      "license": "ISC"
    }
  },
  "dependencies": {
    "@erickwendel/abacate": {
      "version": "1.0.0",
      "resolved": "http://localhost:4873/@erickwendel/abacate/-/abacate-1.0.0.tgz",
      "integrity": "sha512-kzZ+7FRywc6/5500yWIVlpdaP2GiGVlTkJgEGJaXpsafKlK9YwmfUvNh7wH0LUAiw05rJBQJdiGukwyqmzqJqQ=="
    }
  }
}
