{
  "name": "app",
  "version": "1.0.0",
  "lockfileVersion": 2,
  "requires": true,
  "packages": {
    "": {
      "version": "1.0.0",
      "license": "ISC",
      "dependencies": {
        "@erickwendel/abacate": "^1.0.1"
      }
    },
    "node_modules/@erickwendel/abacate": {
      "version": "1.0.1",
      "resolved": "http://localhost:4873/@erickwendel%2fabacate/-/abacate-1.0.1.tgz",
      "integrity": "sha512-60piEExNjmR+GyRs+viMPBbApa9Chlo9O0BItrfQOwKDQw9haPN/fsCVgbtiHx7DGG5L2YGPAcMqV23japkUWw==",
      "license": "ISC"
    }
  },
  "dependencies": {
    "@erickwendel/abacate": {
      "version": "1.0.1",
      "resolved": "http://localhost:4873/@erickwendel%2fabacate/-/abacate-1.0.1.tgz",
      "integrity": "sha512-60piEExNjmR+GyRs+viMPBbApa9Chlo9O0BItrfQOwKDQw9haPN/fsCVgbtiHx7DGG5L2YGPAcMqV23japkUWw=="
    }
  }
}
